<?xml version="1.0" encoding="UTF-8"?>
<Scheme LastUpgradeVersion="2700" version="1.3">
  <BuildAction parallelizeBuildables="NO" buildImplicitDependencies="NO">
    <BuildActionEntries>
      <BuildActionEntry buildForTesting="NO" buildForRunning="YES" buildForProfiling="NO" buildForArchiving="NO" buildForAnalyzing="NO">
        <BuildableReference BuildableIdentifier="primary" BlueprintIdentifier="A00000000000000000000008" BuildableName="libReferenceFixture.a" BlueprintName="ReferenceFixture" ReferencedContainer="container:ReferenceFixture.xcodeproj"/>
      </BuildActionEntry>
    </BuildActionEntries>
  </BuildAction>
</Scheme>
